
Microsoft Visual Studio Solution File, Format Version 11.00
# Visual Basic Express 2010
Project("{F184B08F-C81C-45F6-A57F-5ABD9991F28F}") = "FreddyKeys", "FreddyKeys\FreddyKeys.vbproj", "{54C27B2C-762A-4DB8-93BB-CA0942B6B104}"
EndProject
Global
	GlobalSection(SolutionConfigurationPlatforms) = preSolution
		Debug|x86 = Debug|x86
		Release|x86 = Release|x86
	EndGlobalSection
	GlobalSection(ProjectConfigurationPlatforms) = postSolution
		{54C27B2C-762A-4DB8-93BB-CA0942B6B104}.Debug|x86.ActiveCfg = Debug|x86
		{54C27B2C-762A-4DB8-93BB-CA0942B6B104}.Debug|x86.Build.0 = Debug|x86
		{54C27B2C-762A-4DB8-93BB-CA0942B6B104}.Release|x86.ActiveCfg = Release|x86
		{54C27B2C-762A-4DB8-93BB-CA0942B6B104}.Release|x86.Build.0 = Release|x86
	EndGlobalSection
	GlobalSection(SolutionProperties) = preSolution
		HideSolutionNode = FALSE
	EndGlobalSection
EndGlobal
